
Microsoft Visual Studio Solution File, Format Version 12.00
# Visual Studio Version 17
VisualStudioVersion = 17.13.35919.96
MinimumVisualStudioVersion = 10.0.40219.1
Project("{FAE04EC0-301F-11D3-BF4B-00C04F79EFBC}") = "CombatPlanner.Domain", "CombatPlanner.Domain\CombatPlanner.Domain.csproj", "{C0EDEEF1-2A57-4F16-8499-68C392E79DE3}"
EndProject
Project("{FAE04EC0-301F-11D3-BF4B-00C04F79EFBC}") = "CombatPlanner.Application", "CombatPlanner.Application\CombatPlanner.Application.csproj", "{2FB77440-F101-4477-BE5A-50E4A61F3021}"
EndProject
Project("{FAE04EC0-301F-11D3-BF4B-00C04F79EFBC}") = "CombatPlanner.Infrastructure", "CombatPlanner.Infrastructure\CombatPlanner.Infrastructure.csproj", "{67949556-6F30-4CA3-9746-6D4AD27B289E}"
EndProject
Project("{FAE04EC0-301F-11D3-BF4B-00C04F79EFBC}") = "CombatPlanner.Shared", "CombatPlanner.Shared\CombatPlanner.Shared.csproj", "{6F0ACA86-58F4-482F-A3AA-76081AF394DD}"
EndProject
Project("{FAE04EC0-301F-11D3-BF4B-00C04F79EFBC}") = "CombatPlanner.API", "CombatPlanner.API\CombatPlanner.API.csproj", "{984A17CA-6041-4A37-A812-5294DF02DADC}"
EndProject
Project("{2150E333-8FDC-42A3-9474-1A3956D46DE8}") = "Tests", "Tests", "{02EA681E-C7D8-13C7-8484-4AC65E1B71E8}"
EndProject
Project("{FAE04EC0-301F-11D3-BF4B-00C04F79EFBC}") = "CombatPlanner.API.Tests", "CombatPlanner.API.Tests\CombatPlanner.API.Tests.csproj", "{6CB9BD06-E7E3-4D5F-A93C-17D63C4AAA06}"
EndProject
Project("{FAE04EC0-301F-11D3-BF4B-00C04F79EFBC}") = "CombatPlanner.Infrastructure.Tests", "CombatPlanner.Infrastructure.Tests\CombatPlanner.Infrastructure.Tests.csproj", "{6A04C411-C460-4841-8F86-DFC5D31DBD29}"
EndProject
Project("{FAE04EC0-301F-11D3-BF4B-00C04F79EFBC}") = "CombatPlanner.Application.Tests", "CombatPlanner.Application.Tests\CombatPlanner.Application.Tests.csproj", "{A958F105-D636-45D0-8CC9-0F942E783F41}"
EndProject
Project("{FAE04EC0-301F-11D3-BF4B-00C04F79EFBC}") = "CombatPlanner.Client", "CombatPlanner.Client\CombatPlanner.Client.csproj", "{4A0B48BD-9126-49F4-AAE2-6BBA9554B25F}"
EndProject
Global
	GlobalSection(SolutionConfigurationPlatforms) = preSolution
		Debug|Any CPU = Debug|Any CPU
		Release|Any CPU = Release|Any CPU
	EndGlobalSection
	GlobalSection(ProjectConfigurationPlatforms) = postSolution
		{C0EDEEF1-2A57-4F16-8499-68C392E79DE3}.Debug|Any CPU.ActiveCfg = Debug|Any CPU
		{C0EDEEF1-2A57-4F16-8499-68C392E79DE3}.Debug|Any CPU.Build.0 = Debug|Any CPU
		{C0EDEEF1-2A57-4F16-8499-68C392E79DE3}.Release|Any CPU.ActiveCfg = Release|Any CPU
		{C0EDEEF1-2A57-4F16-8499-68C392E79DE3}.Release|Any CPU.Build.0 = Release|Any CPU
		{2FB77440-F101-4477-BE5A-50E4A61F3021}.Debug|Any CPU.ActiveCfg = Debug|Any CPU
		{2FB77440-F101-4477-BE5A-50E4A61F3021}.Debug|Any CPU.Build.0 = Debug|Any CPU
		{2FB77440-F101-4477-BE5A-50E4A61F3021}.Release|Any CPU.ActiveCfg = Release|Any CPU
		{2FB77440-F101-4477-BE5A-50E4A61F3021}.Release|Any CPU.Build.0 = Release|Any CPU
		{67949556-6F30-4CA3-9746-6D4AD27B289E}.Debug|Any CPU.ActiveCfg = Debug|Any CPU
		{67949556-6F30-4CA3-9746-6D4AD27B289E}.Debug|Any CPU.Build.0 = Debug|Any CPU
		{67949556-6F30-4CA3-9746-6D4AD27B289E}.Release|Any CPU.ActiveCfg = Release|Any CPU
		{67949556-6F30-4CA3-9746-6D4AD27B289E}.Release|Any CPU.Build.0 = Release|Any CPU
		{6F0ACA86-58F4-482F-A3AA-76081AF394DD}.Debug|Any CPU.ActiveCfg = Debug|Any CPU
		{6F0ACA86-58F4-482F-A3AA-76081AF394DD}.Debug|Any CPU.Build.0 = Debug|Any CPU
		{6F0ACA86-58F4-482F-A3AA-76081AF394DD}.Release|Any CPU.ActiveCfg = Release|Any CPU
		{6F0ACA86-58F4-482F-A3AA-76081AF394DD}.Release|Any CPU.Build.0 = Release|Any CPU
		{984A17CA-6041-4A37-A812-5294DF02DADC}.Debug|Any CPU.ActiveCfg = Debug|Any CPU
		{984A17CA-6041-4A37-A812-5294DF02DADC}.Debug|Any CPU.Build.0 = Debug|Any CPU
		{984A17CA-6041-4A37-A812-5294DF02DADC}.Release|Any CPU.ActiveCfg = Release|Any CPU
		{984A17CA-6041-4A37-A812-5294DF02DADC}.Release|Any CPU.Build.0 = Release|Any CPU
		{6CB9BD06-E7E3-4D5F-A93C-17D63C4AAA06}.Debug|Any CPU.ActiveCfg = Debug|Any CPU
		{6CB9BD06-E7E3-4D5F-A93C-17D63C4AAA06}.Debug|Any CPU.Build.0 = Debug|Any CPU
		{6CB9BD06-E7E3-4D5F-A93C-17D63C4AAA06}.Release|Any CPU.ActiveCfg = Release|Any CPU
		{6CB9BD06-E7E3-4D5F-A93C-17D63C4AAA06}.Release|Any CPU.Build.0 = Release|Any CPU
		{6A04C411-C460-4841-8F86-DFC5D31DBD29}.Debug|Any CPU.ActiveCfg = Debug|Any CPU
		{6A04C411-C460-4841-8F86-DFC5D31DBD29}.Debug|Any CPU.Build.0 = Debug|Any CPU
		{6A04C411-C460-4841-8F86-DFC5D31DBD29}.Release|Any CPU.ActiveCfg = Release|Any CPU
		{6A04C411-C460-4841-8F86-DFC5D31DBD29}.Release|Any CPU.Build.0 = Release|Any CPU
		{A958F105-D636-45D0-8CC9-0F942E783F41}.Debug|Any CPU.ActiveCfg = Debug|Any CPU
		{A958F105-D636-45D0-8CC9-0F942E783F41}.Debug|Any CPU.Build.0 = Debug|Any CPU
		{A958F105-D636-45D0-8CC9-0F942E783F41}.Release|Any CPU.ActiveCfg = Release|Any CPU
		{A958F105-D636-45D0-8CC9-0F942E783F41}.Release|Any CPU.Build.0 = Release|Any CPU
		{4A0B48BD-9126-49F4-AAE2-6BBA9554B25F}.Debug|Any CPU.ActiveCfg = Debug|Any CPU
		{4A0B48BD-9126-49F4-AAE2-6BBA9554B25F}.Debug|Any CPU.Build.0 = Debug|Any CPU
		{4A0B48BD-9126-49F4-AAE2-6BBA9554B25F}.Release|Any CPU.ActiveCfg = Release|Any CPU
		{4A0B48BD-9126-49F4-AAE2-6BBA9554B25F}.Release|Any CPU.Build.0 = Release|Any CPU
	EndGlobalSection
	GlobalSection(SolutionProperties) = preSolution
		HideSolutionNode = FALSE
	EndGlobalSection
	GlobalSection(NestedProjects) = preSolution
		{6CB9BD06-E7E3-4D5F-A93C-17D63C4AAA06} = {02EA681E-C7D8-13C7-8484-4AC65E1B71E8}
		{6A04C411-C460-4841-8F86-DFC5D31DBD29} = {02EA681E-C7D8-13C7-8484-4AC65E1B71E8}
		{A958F105-D636-45D0-8CC9-0F942E783F41} = {02EA681E-C7D8-13C7-8484-4AC65E1B71E8}
	EndGlobalSection
	GlobalSection(ExtensibilityGlobals) = postSolution
		SolutionGuid = {22AD3511-959D-4096-954F-3539664C4E42}
	EndGlobalSection
EndGlobal
